github.com/awalterschulze/gographviz v0.0.0-20161112093729-8f1f445a23d3 h1:NlKSQBc3NjubNYhF+z7uepl2cd1kutxr2aTtDSogIN4=
github.com/awalterschulze/gographviz v0.0.0-20161112093729-8f1f445a23d3/go.mod h1:GEV5wmg4YquNw7v1kkyoX9etIk8yVmXj+AkDHuuETHs=
github.com/davecgh/go-spew v1.1.0 h1:ZDRjVQ15GmhC3fiQ8ni8+OwkZQO4DARzQgrnXU1Liz8=
github.com/davecgh/go-spew v1.1.0/go.mod h1:J7Y8YcW2NihsgmVo/mv3lAwl/skON4iLHjSsI+c5H38=
github.com/dgrijalva/jwt-go v3.0.1-0.20160831183534-24c63f56522a+incompatible h1:ZaDz72vl6QxbdXokqXGO2JCa2tW+Bg2szKgDFj381Ro=
github.com/dgrijalva/jwt-go v3.0.1-0.20160831183534-24c63f56522a+incompatible/go.mod h1:E3ru+11k8xSBh+hMPgOLZmtrrCbhqsmaPHjLKYnJCaQ=
github.com/facebookgo/clock v0.0.0-20150410010913-600d898af40a h1:yDWHCSQ40h88yih2JAcL6Ls/kVkSE8GFACTGVnMPruw=
github.com/facebookgo/clock v0.0.0-20150410010913-600d898af40a/go.mod h1:7Ga40egUymuWXxAe151lTNnCv97MddSOVsjpPPkityA=
github.com/facebookgo/ensure v0.0.0-20200202191622-63f1cf65ac4c h1:8ISkoahWXwZR41ois5lSJBSVw4D0OV19Ht/JSTzvSv0=
github.com/facebookgo/ensure v0.0.0-20200202191622-63f1cf65ac4c/go.mod h1:Yg+htXGokKKdzcwhuNDwVvN+uBxDGXJ7G/VN1d8fa64=
github.com/facebookgo/freeport v0.0.0-20150612182905-d4adf43b75b9 h1:wWke/RUCl7VRjQhwPlR/v0glZXNYzBHdNUzf/Am2Nmg=
github.com/facebookgo/freeport v0.0.0-20150612182905-d4adf43b75b9/go.mod h1:uPmAp6Sws4L7+Q/OokbWDAK1ibXYhB3PXFP1kol5hPg=
github.com/facebookgo/grace v0.0.0-20160926231715-5729e484473f h1:0mlfEUWnUDVZnqWEVHGerL5bKYDKMEmT/Qk/W/3nGuo=
github.com/facebookgo/grace v0.0.0-20160926231715-5729e484473f/go.mod h1:KigFdumBXUPSwzLDbeuzyt0elrL7+CP7TKuhrhT4bcU=
github.com/facebookgo/httpdown v0.0.0-20160323221027-a3b1354551a2 h1:3Zvf9wRhl1cOhckN1oRGWPOkIhOketmEcrQ4TeFAoR4=
github.com/facebookgo/httpdown v0.0.0-20160323221027-a3b1354551a2/go.mod h1:TUV/fX3XrTtBQb5+ttSUJzcFgLNpILONFTKmBuk5RSw=
github.com/facebookgo/stack v0.0.0-20160209184415-751773369052 h1:JWuenKqqX8nojtoVVWjGfOF9635RETekkoH6Cc9SX0A=
github.com/facebookgo/stack v0.0.0-20160209184415-751773369052/go.mod h1:UbMTZqLaRiH3MsBH8va0n7s1pQYcu3uTb8G4tygF4Zg=
github.com/facebookgo/stats v0.0.0-20151006221625-1b76add642e4 h1:0YtRCqIZs2+Tz49QuH6cJVw/IFqzo39gEqZ0iYLxD2M=
github.com/facebookgo/stats v0.0.0-20151006221625-1b76add642e4/go.mod h1:vsJz7uE339KUCpBXx3JAJzSRH7Uk4iGGyJzR529qDIA=
github.com/facebookgo/subset v0.0.0-20200203212716-c811ad88dec4 h1:7HZCaLC5+BZpmbhCOZJ293Lz68O7PYrF2EzeiFMwCLk=
github.com/facebookgo/subset v0.0.0-20200203212716-c811ad88dec4/go.mod h1:5tD+neXqOorC30/tWg0LCSkrqj/AR6gu8yY8/fpw1q0=
github.com/fgrehm/go-san v0.0.0-20161020141608-de1c4b4562c1 h1:lmzR0u20plRyLsyEHMJ1QBc8MYSOdBo6cozb8uNZ1TI=
github.com/fgrehm/go-san v0.0.0-20161020141608-de1c4b4562c1/go.mod h1:kq7r+Zhsknnx7kivQ5sgYyAQwcZvx89HmzvNGeCGsMo=
github.com/inconshreveable/mousetrap v1.0.0 h1:Z8tu5sraLXCXIcARxBp/8cbvlwVa7Z1NHg9XEKhtSvM=
github.com/inconshreveable/mousetrap v1.0.0/go.mod h1:PxqpIevigyE2G7u3NXJIT2ANytuPF1OarO4DADm73n8=
github.com/kardianos/osext v0.0.0-20160811001526-c2c54e542fb7 h1:pKv4oHt3kat9yf1jofmaRv3KxGaY5B7VV55GrfXFa74=
github.com/kardianos/osext v0.0.0-20160811001526-c2c54e542fb7/go.mod h1:1NbS8ALrpOvjt0rHPNLyCIeMtbizbir8U//inJ+zuB8=
github.com/kr/pretty v0.2.1 h1:Fmg33tUaq4/8ym9TJN1x7sLJnHVwhP33CNkpYV/7rwI=
github.com/kr/pretty v0.2.1/go.mod h1:ipq/a2n7PKx3OHsz4KJII5eveXtPO4qwEXGdVfWzfnI=
github.com/kr/pty v1.1.1/go.mod h1:pFQYn66WHrOpPYNljwOMqo10TkYh1fy3cYio2l3bCsQ=
github.com/kr/text v0.1.0 h1:45sCR5RtlFHMR4UwH9sdQ5TC8v0qDQCHnXt+kaKSTVE=
github.com/kr/text v0.1.0/go.mod h1:4Jbv+DJW3UT/LiOwJeYQe1efqtUx/iVham/4vfdArNI=
github.com/labstack/echo v2.0.3-0.20161020161751-7899588eff48+incompatible h1:sqNEGfdrFQ2PwuTLoLoTkiL/ssIVvqoE+MQDLbijJDM=
github.com/labstack/echo v2.0.3-0.20161020161751-7899588eff48+incompatible/go.mod h1:0INS7j/VjnFxD4E2wkz67b8cVwCLbBmJyDaka6Cmk1s=
github.com/labstack/gommon v0.0.4-0.20160925181133-f3b1a1b3bd47 h1:x/Ms6Ye+tvnOz6TeSUCkkZ250WXG8vuJFOaYGZDE7mc=
github.com/labstack/gommon v0.0.4-0.20160925181133-f3b1a1b3bd47/go.mod h1:/tj9csK2iPSBvn+3NLM9e52usepMtrd5ilFYA+wQNJ4=
github.com/mattn/go-colorable v0.0.7-0.20160930084157-6c903ff4aa50 h1:+lj/MTidgAcsu6wyXg7By2rgbT5kVFT5GFKq/VZZwi4=
github.com/mattn/go-colorable v0.0.7-0.20160930084157-6c903ff4aa50/go.mod h1:9vuHe8Xs5qXnSaW/c/ABM9alt+Vo+STaOChaDxuIBZU=
github.com/mattn/go-isatty v0.0.0-20160806122752-66b8e73f3f5c h1:3nKFouDdpgGUV/uerJcYWH45ZbJzX0SiVWfTgmUeTzc=
github.com/mattn/go-isatty v0.0.0-20160806122752-66b8e73f3f5c/go.mod h1:M+lRXTBqGeGNdLjl/ufCoiOlB5xdOkqRJdNxMWT7Zi4=
github.com/mitchellh/hashstructure v0.0.0-20160609170929-b098c52ef6be h1:ue7zT6Txd41NNjeOCBXGgwvTzxcAmyjLxPSURjhMOKI=
github.com/mitchellh/hashstructure v0.0.0-20160609170929-b098c52ef6be/go.mod h1:QjSHrPWS+BGUVBYkbTZWEnOh3G1DutKwClXU/ABz6AQ=
github.com/pborman/uuid v0.0.0-20161005151609-3d4f2ba23642 h1:J22llJ7OhnIIcOpVXVyG0DniMepToKlbCZrzcGbzwOE=
github.com/pborman/uuid v0.0.0-20161005151609-3d4f2ba23642/go.mod h1:VyrYX9gd7irzKovcSS6BIIEwPRkP2Wm2m9ufcdFSJ34=
github.com/pmezard/go-difflib v1.0.0 h1:4DBwDE0NGyQoBHbLQYPwSUPoCMWR5BEzIk/f1lZbAQM=
github.com/pmezard/go-difflib v1.0.0/go.mod h1:iKH77koFhYxTK1pcRnkKkqfTogsbg7gZNVY4sRDYZ/4=
github.com/spf13/cobra v0.0.0-20161014222036-856b96dcb49d h1:3DcijoKnes3z4/+YyF/0relm9aJJ8ypfyHHz0OWz1Z8=
github.com/spf13/cobra v0.0.0-20161014222036-856b96dcb49d/go.mod h1:1l0Ry5zgKvJasoi3XT1TypsSe7PqH0Sj9dhYf7v3XqQ=
github.com/spf13/pflag v0.0.0-20161018230844-dabebe21bf79 h1:vOkrfGR5g/egzME+W/zkrDSkVF4pruR7fHbfF0+sHVw=
github.com/spf13/pflag v0.0.0-20161018230844-dabebe21bf79/go.mod h1:DYY7MBk1bdzusC3SYhjObp+wFpr4gzcvqqNjLnInEg4=
github.com/streadway/amqp v0.0.0-20160311215503-2e25825abdbd h1:625/bJvSNfQrzzK5ttnUqMqnVe8M5MILmf5ZRGgeeDY=
github.com/streadway/amqp v0.0.0-20160311215503-2e25825abdbd/go.mod h1:1WNBiOZtZQLpVAyu0iTduoJL9hEsMloAK5XWrtW0xdY=
github.com/stretchr/objx v0.1.0/go.mod h1:HFkY916IF+rwdDfMAkV7OtwuqBVzrE8GR6GFx+wExME=
github.com/stretchr/testify v1.7.0 h1:nwc3DEeHmmLAfoZucVR881uASk0Mfjw8xYJ99tb5CcY=
github.com/stretchr/testify v1.7.0/go.mod h1:6Fq8oRcR53rry900zMqJjRRixrwX3KX962/h/Wwjteg=
github.com/valyala/fasttemplate v0.0.0-20160315193134-3b874956e03f h1:qL0GulPcltegqmwdnhakM62NW+QeDQ+p1OpfnG8ExQ8=
github.com/valyala/fasttemplate v0.0.0-20160315193134-3b874956e03f/go.mod h1:50wTf68f99/Zt14pr046Tgt3Lp2vLyFZKzbFXTOabXw=
golang.org/x/net v0.0.0-20161020064633-daba796358cd h1:rpuDViIPb+aMJTfTCKmpTO815nm7LcmZ4/nyTFIOXx4=
golang.org/x/net v0.0.0-20161020064633-daba796358cd/go.mod h1:mL1N/T3taQHkDXs73rZJwtUhF3w3ftmwwsq0BUmARs4=
golang.org/x/sys v0.0.0-20161016222106-002cbb5f9524 h1:jF6tOVm68LGGm/og1WTUNAbwdoQWNA1rCpSxSrLPJRc=
golang.org/x/sys v0.0.0-20161016222106-002cbb5f9524/go.mod h1:STP8DvDyc/dI5b8T5hshtkjS+E42TnysNCUPdjciGhY=
gopkg.in/check.v1 v0.0.0-20161208181325-20d25e280405/go.mod h1:Co6ibVJAznAaIkqp8huTwlJQCZ016jof/cbN4VW5Yz0=
gopkg.in/check.v1 v1.0.0-20201130134442-10cb98267c6c h1:Hei/4ADfdWqJk1ZMxUNpqntNwaWcugrBjAiHlqqRiVk=
gopkg.in/check.v1 v1.0.0-20201130134442-10cb98267c6c/go.mod h1:JHkPIbrfpd72SG/EVd6muEfDQjcINNoR0C8j2r3qZ4Q=
gopkg.in/mgo.v2 v2.0.0-20160818020120-3f83fa500528 h1:/saqWwm73dLmuzbNhe92F0QsZ/KiFND+esHco2v1hiY=
gopkg.in/mgo.v2 v2.0.0-20160818020120-3f83fa500528/go.mod h1:yeKp02qBN3iKW1OzL3MGk2IdtZzaj7SFntXj72NppTA=
gopkg.in/yaml.v2 v2.4.0 h1:D8xgwECY7CYvx+Y2n4sBz93Jn9JRvxdiyyo8CTfuKaY=
gopkg.in/yaml.v2 v2.4.0/go.mod h1:RDklbk79AGWmwhnvt/jBztapEOGDOx6ZbXqjP6csGnQ=
gopkg.in/yaml.v3 v3.0.0-20200313102051-9f266ea9e77c h1:dUUwHk2QECo/6vqA44rthZ8ie2QXMNeKRTHCNY2nXvo=
gopkg.in/yaml.v3 v3.0.0-20200313102051-9f266ea9e77c/go.mod h1:K4uyk7z7BCEPqu6E+C64Yfv1cQ7kz7rIZviUmN+EgEM=
